
Microsoft Visual Studio Solution File, Format Version 12.00
# Visual Studio Version 17
VisualStudioVersion = 17.14.36603.0
MinimumVisualStudioVersion = 10.0.40219.1
Project("{8BC9CEB8-8B4A-11D0-8D11-00A0C91BC942}") = "LabMatrix", "LabMatrix\LabMatrix.vcxproj", "{66806C52-FF17-4702-9A08-1FB1A2376FF9}"
EndProject
Project("{8BC9CEB8-8B4A-11D0-8D11-00A0C91BC942}") = "MatrixTests", "MatrixTests\MatrixTests.vcxproj", "{A0B8A5AA-8D12-44B4-A2FE-C59101C64EA1}"
EndProject
Project("{8BC9CEB8-8B4A-11D0-8D11-00A0C91BC942}") = "Application", "Application\Application.vcxproj", "{7CC6D80F-7DB7-4796-9558-6022D0D66892}"
EndProject
Project("{8BC9CEB8-8B4A-11D0-8D11-00A0C91BC942}") = "TMathVector", "TMathVector\TMathVector.vcxproj", "{8EFC74B7-ED7B-485E-B1CB-3BE077164E16}"
EndProject
Project("{8BC9CEB8-8B4A-11D0-8D11-00A0C91BC942}") = "TMatrix", "TMatrix\TMatrix.vcxproj", "{7D2C3769-61AA-4231-A3C7-8F2BC5B0042C}"
EndProject
Global
	GlobalSection(SolutionConfigurationPlatforms) = preSolution
		Debug|x64 = Debug|x64
		Debug|x86 = Debug|x86
		Release|x64 = Release|x64
		Release|x86 = Release|x86
	EndGlobalSection
	GlobalSection(ProjectConfigurationPlatforms) = postSolution
		{66806C52-FF17-4702-9A08-1FB1A2376FF9}.Debug|x64.ActiveCfg = Debug|x64
		{66806C52-FF17-4702-9A08-1FB1A2376FF9}.Debug|x64.Build.0 = Debug|x64
		{66806C52-FF17-4702-9A08-1FB1A2376FF9}.Debug|x86.ActiveCfg = Debug|Win32
		{66806C52-FF17-4702-9A08-1FB1A2376FF9}.Debug|x86.Build.0 = Debug|Win32
		{66806C52-FF17-4702-9A08-1FB1A2376FF9}.Release|x64.ActiveCfg = Release|x64
		{66806C52-FF17-4702-9A08-1FB1A2376FF9}.Release|x64.Build.0 = Release|x64
		{66806C52-FF17-4702-9A08-1FB1A2376FF9}.Release|x86.ActiveCfg = Release|Win32
		{66806C52-FF17-4702-9A08-1FB1A2376FF9}.Release|x86.Build.0 = Release|Win32
		{A0B8A5AA-8D12-44B4-A2FE-C59101C64EA1}.Debug|x64.ActiveCfg = Debug|x64
		{A0B8A5AA-8D12-44B4-A2FE-C59101C64EA1}.Debug|x64.Build.0 = Debug|x64
		{A0B8A5AA-8D12-44B4-A2FE-C59101C64EA1}.Debug|x86.ActiveCfg = Debug|Win32
		{A0B8A5AA-8D12-44B4-A2FE-C59101C64EA1}.Debug|x86.Build.0 = Debug|Win32
		{A0B8A5AA-8D12-44B4-A2FE-C59101C64EA1}.Release|x64.ActiveCfg = Release|x64
		{A0B8A5AA-8D12-44B4-A2FE-C59101C64EA1}.Release|x64.Build.0 = Release|x64
		{A0B8A5AA-8D12-44B4-A2FE-C59101C64EA1}.Release|x86.ActiveCfg = Release|Win32
		{A0B8A5AA-8D12-44B4-A2FE-C59101C64EA1}.Release|x86.Build.0 = Release|Win32
		{7CC6D80F-7DB7-4796-9558-6022D0D66892}.Debug|x64.ActiveCfg = Debug|x64
		{7CC6D80F-7DB7-4796-9558-6022D0D66892}.Debug|x64.Build.0 = Debug|x64
		{7CC6D80F-7DB7-4796-9558-6022D0D66892}.Debug|x86.ActiveCfg = Debug|Win32
		{7CC6D80F-7DB7-4796-9558-6022D0D66892}.Debug|x86.Build.0 = Debug|Win32
		{7CC6D80F-7DB7-4796-9558-6022D0D66892}.Release|x64.ActiveCfg = Release|x64
		{7CC6D80F-7DB7-4796-9558-6022D0D66892}.Release|x64.Build.0 = Release|x64
		{7CC6D80F-7DB7-4796-9558-6022D0D66892}.Release|x86.ActiveCfg = Release|Win32
		{7CC6D80F-7DB7-4796-9558-6022D0D66892}.Release|x86.Build.0 = Release|Win32
		{8EFC74B7-ED7B-485E-B1CB-3BE077164E16}.Debug|x64.ActiveCfg = Debug|x64
		{8EFC74B7-ED7B-485E-B1CB-3BE077164E16}.Debug|x64.Build.0 = Debug|x64
		{8EFC74B7-ED7B-485E-B1CB-3BE077164E16}.Debug|x86.ActiveCfg = Debug|Win32
		{8EFC74B7-ED7B-485E-B1CB-3BE077164E16}.Debug|x86.Build.0 = Debug|Win32
		{8EFC74B7-ED7B-485E-B1CB-3BE077164E16}.Release|x64.ActiveCfg = Release|x64
		{8EFC74B7-ED7B-485E-B1CB-3BE077164E16}.Release|x64.Build.0 = Release|x64
		{8EFC74B7-ED7B-485E-B1CB-3BE077164E16}.Release|x86.ActiveCfg = Release|Win32
		{8EFC74B7-ED7B-485E-B1CB-3BE077164E16}.Release|x86.Build.0 = Release|Win32
		{7D2C3769-61AA-4231-A3C7-8F2BC5B0042C}.Debug|x64.ActiveCfg = Debug|x64
		{7D2C3769-61AA-4231-A3C7-8F2BC5B0042C}.Debug|x64.Build.0 = Debug|x64
		{7D2C3769-61AA-4231-A3C7-8F2BC5B0042C}.Debug|x86.ActiveCfg = Debug|Win32
		{7D2C3769-61AA-4231-A3C7-8F2BC5B0042C}.Debug|x86.Build.0 = Debug|Win32
		{7D2C3769-61AA-4231-A3C7-8F2BC5B0042C}.Release|x64.ActiveCfg = Release|x64
		{7D2C3769-61AA-4231-A3C7-8F2BC5B0042C}.Release|x64.Build.0 = Release|x64
		{7D2C3769-61AA-4231-A3C7-8F2BC5B0042C}.Release|x86.ActiveCfg = Release|Win32
		{7D2C3769-61AA-4231-A3C7-8F2BC5B0042C}.Release|x86.Build.0 = Release|Win32
	EndGlobalSection
	GlobalSection(SolutionProperties) = preSolution
		HideSolutionNode = FALSE
	EndGlobalSection
	GlobalSection(ExtensibilityGlobals) = postSolution
		SolutionGuid = {B1B06CE9-B3BD-4FC8-8D6A-11D9E2474C8D}
	EndGlobalSection
EndGlobal
